// !$*UTF8*$!
{
	archiveVersion = 1;
	classes = {
	};
	objectVersion = 46;
	objects = {

/* Begin PBXBuildFile section */
		0CFD77641E0D3FC000443D6F /* AppDelegate.swift in Sources */ = {isa = PBXBuildFile; fileRef = 0CFD77631E0D3FC000443D6F /* AppDelegate.swift */; };
		0CFD77661E0D3FC000443D6F /* ViewController.swift in Sources */ = {isa = PBXBuildFile; fileRef = 0CFD77651E0D3FC000443D6F /* ViewController.swift */; };
		0CFD77691E0D3FC000443D6F /* Main.storyboard in Resources */ = {isa = PBXBuildFile; fileRef = 0CFD77671E0D3FC000443D6F /* Main.storyboard */; };
		0CFD776B1E0D3FC000443D6F /* Assets.xcassets in Resources */ = {isa = PBXBuildFile; fileRef = 0CFD776A1E0D3FC000443D6F /* Assets.xcassets */; };
		0CFD776E1E0D3FC000443D6F /* LaunchScreen.storyboard in Resources */ = {isa = PBXBuildFile; fileRef = 0CFD776C1E0D3FC000443D6F /* LaunchScreen.storyboard */; };
		0CFD77791E0D3FC000443D6F /* til2Tests.swift in Sources */ = {isa = PBXBuildFile; fileRef = 0CFD77781E0D3FC000443D6F /* til2Tests.swift */; };
		0CFD77841E0D3FC000443D6F /* til2UITests.swift in Sources */ = {isa = PBXBuildFile; fileRef = 0CFD77831E0D3FC000443D6F /* til2UITests.swift */; };
		0CFD77931E0D401300443D6F /* FBSDKLoginKit.framework in Frameworks */ = {isa = PBXBuildFile; fileRef = 0CFD77921E0D401300443D6F /* FBSDKLoginKit.framework */; };
		0CFD77951E0D401C00443D6F /* FBSDKCoreKit.framework in Frameworks */ = {isa = PBXBuildFile; fileRef = 0CFD77941E0D401C00443D6F /* FBSDKCoreKit.framework */; };
/* End PBXBuildFile section */

/* Begin PBXContainerItemProxy section */
		0CFD77751E0D3FC000443D6F /* PBXContainerItemProxy */ = {
			isa = PBXContainerItemProxy;
			containerPortal = 0CFD77581E0D3FBF00443D6F /* Project object */;
			proxyType = 1;
			remoteGlobalIDString = 0CFD775F1E0D3FC000443D6F;
			remoteInfo = til2;
		};
		0CFD77801E0D3FC000443D6F /* PBXContainerItemProxy */ = {
			isa = PBXContainerItemProxy;
			containerPortal = 0CFD77581E0D3FBF00443D6F /* Project object */;
			proxyType = 1;
			remoteGlobalIDString = 0CFD775F1E0D3FC000443D6F;
			remoteInfo = til2;
		};
/* End PBXContainerItemProxy section */

/* Begin PBXFileReference section */
		0CFD77601E0D3FC000443D6F /* til2.app */ = {isa = PBXFileReference; explicitFileType = wrapper.application; includeInIndex = 0; path = til2.app; sourceTree = BUILT_PRODUCTS_DIR; };
		0CFD77631E0D3FC000443D6F /* AppDelegate.swift */ = {isa = PBXFileReference; lastKnownFileType = sourcecode.swift; path = AppDelegate.swift; sourceTree = "<group>"; };
		0CFD77651E0D3FC000443D6F /* ViewController.swift */ = {isa = PBXFileReference; lastKnownFileType = sourcecode.swift; path = ViewController.swift; sourceTree = "<group>"; };
		0CFD77681E0D3FC000443D6F /* Base */ = {isa = PBXFileReference; lastKnownFileType = file.storyboard; name = Base; path = Base.lproj/Main.storyboard; sourceTree = "<group>"; };
		0CFD776A1E0D3FC000443D6F /* Assets.xcassets */ = {isa = PBXFileReference; lastKnownFileType = folder.assetcatalog; path = Assets.xcassets; sourceTree = "<group>"; };
		0CFD776D1E0D3FC000443D6F /* Base */ = {isa = PBXFileReference; lastKnownFileType = file.storyboard; name = Base; path = Base.lproj/LaunchScreen.storyboard; sourceTree = "<group>"; };
		0CFD776F1E0D3FC000443D6F /* Info.plist */ = {isa = PBXFileReference; lastKnownFileType = text.plist.xml; path = Info.plist; sourceTree = "<group>"; };
		0CFD77741E0D3FC000443D6F /* til2Tests.xctest */ = {isa = PBXFileReference; explicitFileType = wrapper.cfbundle; includeInIndex = 0; path = til2Tests.xctest; sourceTree = BUILT_PRODUCTS_DIR; };
		0CFD77781E0D3FC000443D6F /* til2Tests.swift */ = {isa = PBXFileReference; lastKnownFileType = sourcecode.swift; path = til2Tests.swift; sourceTree = "<group>"; };
		0CFD777A1E0D3FC000443D6F /* Info.plist */ = {isa = PBXFileReference; lastKnownFileType = text.plist.xml; path = Info.plist; sourceTree = "<group>"; };
		0CFD777F1E0D3FC000443D6F /* til2UITests.xctest */ = {isa = PBXFileReference; explicitFileType = wrapper.cfbundle; includeInIndex = 0; path = til2UITests.xctest; sourceTree = BUILT_PRODUCTS_DIR; };
		0CFD77831E0D3FC000443D6F /* til2UITests.swift */ = {isa = PBXFileReference; lastKnownFileType = sourcecode.swift; path = til2UITests.swift; sourceTree = "<group>"; };
		0CFD77851E0D3FC000443D6F /* Info.plist */ = {isa = PBXFileReference; lastKnownFileType = text.plist.xml; path = Info.plist; sourceTree = "<group>"; };
		0CFD77921E0D401300443D6F /* FBSDKLoginKit.framework */ = {isa = PBXFileReference; lastKnownFileType = wrapper.framework; path = FBSDKLoginKit.framework; sourceTree = "<group>"; };
		0CFD77941E0D401C00443D6F /* FBSDKCoreKit.framework */ = {isa = PBXFileReference; lastKnownFileType = wrapper.framework; path = FBSDKCoreKit.framework; sourceTree = "<group>"; };
		0CFD77961E0D44E400443D6F /* til2.entitlements */ = {isa = PBXFileReference; lastKnownFileType = text.plist.entitlements; path = til2.entitlements; sourceTree = "<group>"; };
/* End PBXFileReference section */

/* Begin PBXFrameworksBuildPhase section */
		0CFD775D1E0D3FC000443D6F /* Frameworks */ = {
			isa = PBXFrameworksBuildPhase;
			buildActionMask = 2147483647;
			files = (
				0CFD77931E0D401300443D6F /* FBSDKLoginKit.framework in Frameworks */,
				0CFD77951E0D401C00443D6F /* FBSDKCoreKit.framework in Frameworks */,
			);
			runOnlyForDeploymentPostprocessing = 0;
		};
		0CFD77711E0D3FC000443D6F /* Frameworks */ = {
			isa = PBXFrameworksBuildPhase;
			buildActionMask = 2147483647;
			files = (
			);
			runOnlyForDeploymentPostprocessing = 0;
		};
		0CFD777C1E0D3FC000443D6F /* Frameworks */ = {
			isa = PBXFrameworksBuildPhase;
			buildActionMask = 2147483647;
			files = (
			);
			runOnlyForDeploymentPostprocessing = 0;
		};
/* End PBXFrameworksBuildPhase section */

/* Begin PBXGroup section */
		0CFD77571E0D3FBF00443D6F = {
			isa = PBXGroup;
			children = (
				0CFD77621E0D3FC000443D6F /* til2 */,
				0CFD77771E0D3FC000443D6F /* til2Tests */,
				0CFD77821E0D3FC000443D6F /* til2UITests */,
				0CFD77611E0D3FC000443D6F /* Products */,
				0CFD77911E0D400400443D6F /* Frameworks */,
			);
			sourceTree = "<group>";
		};
		0CFD77611E0D3FC000443D6F /* Products */ = {
			isa = PBXGroup;
			children = (
				0CFD77601E0D3FC000443D6F /* til2.app */,
				0CFD77741E0D3FC000443D6F /* til2Tests.xctest */,
				0CFD777F1E0D3FC000443D6F /* til2UITests.xctest */,
			);
			name = Products;
			sourceTree = "<group>";
		};
		0CFD77621E0D3FC000443D6F /* til2 */ = {
			isa = PBXGroup;
			children = (
				0CFD77961E0D44E400443D6F /* til2.entitlements */,
				0CFD77631E0D3FC000443D6F /* AppDelegate.swift */,
				0CFD77651E0D3FC000443D6F /* ViewController.swift */,
				0CFD77671E0D3FC000443D6F /* Main.storyboard */,
				0CFD776A1E0D3FC000443D6F /* Assets.xcassets */,
				0CFD776C1E0D3FC000443D6F /* LaunchScreen.storyboard */,
				0CFD776F1E0D3FC000443D6F /* Info.plist */,
			);
			path = til2;
			sourceTree = "<group>";
		};
		0CFD77771E0D3FC000443D6F /* til2Tests */ = {
			isa = PBXGroup;
			children = (
				0CFD77781E0D3FC000443D6F /* til2Tests.swift */,
				0CFD777A1E0D3FC000443D6F /* Info.plist */,
			);
			path = til2Tests;
			sourceTree = "<group>";
		};
		0CFD77821E0D3FC000443D6F /* til2UITests */ = {
			isa = PBXGroup;
			children = (
				0CFD77831E0D3FC000443D6F /* til2UITests.swift */,
				0CFD77851E0D3FC000443D6F /* Info.plist */,
			);
			path = til2UITests;
			sourceTree = "<group>";
		};
		0CFD77911E0D400400443D6F /* Frameworks */ = {
			isa = PBXGroup;
			children = (
				0CFD77921E0D401300443D6F /* FBSDKLoginKit.framework */,
				0CFD77941E0D401C00443D6F /* FBSDKCoreKit.framework */,
			);
			name = Frameworks;
			sourceTree = "<group>";
		};
/* End PBXGroup section */

/* Begin PBXNativeTarget section */
		0CFD775F1E0D3FC000443D6F /* til2 */ = {
			isa = PBXNativeTarget;
			buildConfigurationList = 0CFD77881E0D3FC000443D6F /* Build configuration list for PBXNativeTarget "til2" */;
			buildPhases = (
				0CFD775C1E0D3FC000443D6F /* Sources */,
				0CFD775D1E0D3FC000443D6F /* Frameworks */,
				0CFD775E1E0D3FC000443D6F /* Resources */,
			);
			buildRules = (
			);
			dependencies = (
			);
			name = til2;
			productName = til2;
			productReference = 0CFD77601E0D3FC000443D6F /* til2.app */;
			productType = "com.apple.product-type.application";
		};
		0CFD77731E0D3FC000443D6F /* til2Tests */ = {
			isa = PBXNativeTarget;
			buildConfigurationList = 0CFD778B1E0D3FC000443D6F /* Build configuration list for PBXNativeTarget "til2Tests" */;
			buildPhases = (
				0CFD77701E0D3FC000443D6F /* Sources */,
				0CFD77711E0D3FC000443D6F /* Frameworks */,
				0CFD77721E0D3FC000443D6F /* Resources */,
			);
			buildRules = (
			);
			dependencies = (
				0CFD77761E0D3FC000443D6F /* PBXTargetDependency */,
			);
			name = til2Tests;
			productName = til2Tests;
			productReference = 0CFD77741E0D3FC000443D6F /* til2Tests.xctest */;
			productType = "com.apple.product-type.bundle.unit-test";
		};
		0CFD777E1E0D3FC000443D6F /* til2UITests */ = {
			isa = PBXNativeTarget;
			buildConfigurationList = 0CFD778E1E0D3FC000443D6F /* Build configuration list for PBXNativeTarget "til2UITests" */;
			buildPhases = (
				0CFD777B1E0D3FC000443D6F /* Sources */,
				0CFD777C1E0D3FC000443D6F /* Frameworks */,
				0CFD777D1E0D3FC000443D6F /* Resources */,
			);
			buildRules = (
			);
			dependencies = (
				0CFD77811E0D3FC000443D6F /* PBXTargetDependency */,
			);
			name = til2UITests;
			productName = til2UITests;
			productReference = 0CFD777F1E0D3FC000443D6F /* til2UITests.xctest */;
			productType = "com.apple.product-type.bundle.ui-testing";
		};
/* End PBXNativeTarget section */

/* Begin PBXProject section */
		0CFD77581E0D3FBF00443D6F /* Project object */ = {
			isa = PBXProject;
			attributes = {
				LastSwiftUpdateCheck = 0810;
				LastUpgradeCheck = 0810;
				ORGANIZATIONNAME = Shyatoria;
				TargetAttributes = {
					0CFD775F1E0D3FC000443D6F = {
						CreatedOnToolsVersion = 8.1;
						DevelopmentTeam = 9UQ95WYXS6;
						ProvisioningStyle = Automatic;
						SystemCapabilities = {
							com.apple.Keychain = {
								enabled = 1;
							};
						};
					};
					0CFD77731E0D3FC000443D6F = {
						CreatedOnToolsVersion = 8.1;
						ProvisioningStyle = Automatic;
						TestTargetID = 0CFD775F1E0D3FC000443D6F;
					};
					0CFD777E1E0D3FC000443D6F = {
						CreatedOnToolsVersion = 8.1;
						ProvisioningStyle = Automatic;
						TestTargetID = 0CFD775F1E0D3FC000443D6F;
					};
				};
			};
			buildConfigurationList = 0CFD775B1E0D3FBF00443D6F /* Build configuration list for PBXProject "til2" */;
			compatibilityVersion = "Xcode 3.2";
			developmentRegion = English;
			hasScannedForEncodings = 0;
			knownRegions = (
				en,
				Base,
			);
			mainGroup = 0CFD77571E0D3FBF00443D6F;
			productRefGroup = 0CFD77611E0D3FC000443D6F /* Products */;
			projectDirPath = "";
			projectRoot = "";
			targets = (
				0CFD775F1E0D3FC000443D6F /* til2 */,
				0CFD77731E0D3FC000443D6F /* til2Tests */,
				0CFD777E1E0D3FC000443D6F /* til2UITests */,
			);
		};
/* End PBXProject section */

/* Begin PBXResourcesBuildPhase section */
		0CFD775E1E0D3FC000443D6F /* Resources */ = {
			isa = PBXResourcesBuildPhase;
			buildActionMask = 2147483647;
			files = (
				0CFD776E1E0D3FC000443D6F /* LaunchScreen.storyboard in Resources */,
				0CFD776B1E0D3FC000443D6F /* Assets.xcassets in Resources */,
				0CFD77691E0D3FC000443D6F /* Main.storyboard in Resources */,
			);
			runOnlyForDeploymentPostprocessing = 0;
		};
		0CFD77721E0D3FC000443D6F /* Resources */ = {
			isa = PBXResourcesBuildPhase;
			buildActionMask = 2147483647;
			files = (
			);
			runOnlyForDeploymentPostprocessing = 0;
		};
		0CFD777D1E0D3FC000443D6F /* Resources */ = {
			isa = PBXResourcesBuildPhase;
			buildActionMask = 2147483647;
			files = (
			);
			runOnlyForDeploymentPostprocessing = 0;
		};
/* End PBXResourcesBuildPhase section */

/* Begin PBXSourcesBuildPhase section */
		0CFD775C1E0D3FC000443D6F /* Sources */ = {
			isa = PBXSourcesBuildPhase;
			buildActionMask = 2147483647;
			files = (
				0CFD77661E0D3FC000443D6F /* ViewController.swift in Sources */,
				0CFD77641E0D3FC000443D6F /* AppDelegate.swift in Sources */,
			);
			runOnlyForDeploymentPostprocessing = 0;
		};
		0CFD77701E0D3FC000443D6F /* Sources */ = {
			isa = PBXSourcesBuildPhase;
			buildActionMask = 2147483647;
			files = (
				0CFD77791E0D3FC000443D6F /* til2Tests.swift in Sources */,
			);
			runOnlyForDeploymentPostprocessing = 0;
		};
		0CFD777B1E0D3FC000443D6F /* Sources */ = {
			isa = PBXSourcesBuildPhase;
			buildActionMask = 2147483647;
			files = (
				0CFD77841E0D3FC000443D6F /* til2UITests.swift in Sources */,
			);
			runOnlyForDeploymentPostprocessing = 0;
		};
/* End PBXSourcesBuildPhase section */

/* Begin PBXTargetDependency section */
		0CFD77761E0D3FC000443D6F /* PBXTargetDependency */ = {
			isa = PBXTargetDependency;
			target = 0CFD775F1E0D3FC000443D6F /* til2 */;
			targetProxy = 0CFD77751E0D3FC000443D6F /* PBXContainerItemProxy */;
		};
		0CFD77811E0D3FC000443D6F /* PBXTargetDependency */ = {
			isa = PBXTargetDependency;
			target = 0CFD775F1E0D3FC000443D6F /* til2 */;
			targetProxy = 0CFD77801E0D3FC000443D6F /* PBXContainerItemProxy */;
		};
/* End PBXTargetDependency section */

/* Begin PBXVariantGroup section */
		0CFD77671E0D3FC000443D6F /* Main.storyboard */ = {
			isa = PBXVariantGroup;
			children = (
				0CFD77681E0D3FC000443D6F /* Base */,
			);
			name = Main.storyboard;
			sourceTree = "<group>";
		};
		0CFD776C1E0D3FC000443D6F /* LaunchScreen.storyboard */ = {
			isa = PBXVariantGroup;
			children = (
				0CFD776D1E0D3FC000443D6F /* Base */,
			);
			name = LaunchScreen.storyboard;
			sourceTree = "<group>";
		};
/* End PBXVariantGroup section */

/* Begin XCBuildConfiguration section */
		0CFD77861E0D3FC000443D6F /* Debug */ = {
			isa = XCBuildConfiguration;
			buildSettings = {
				ALWAYS_SEARCH_USER_PATHS = NO;
				CLANG_ANALYZER_NONNULL = YES;
				CLANG_CXX_LANGUAGE_STANDARD = "gnu++0x";
				CLANG_CXX_LIBRARY = "libc++";
				CLANG_ENABLE_MODULES = YES;
				CLANG_ENABLE_OBJC_ARC = YES;
				CLANG_WARN_BOOL_CONVERSION = YES;
				CLANG_WARN_CONSTANT_CONVERSION = YES;
				CLANG_WARN_DIRECT_OBJC_ISA_USAGE = YES_ERROR;
				CLANG_WARN_DOCUMENTATION_COMMENTS = YES;
				CLANG_WARN_EMPTY_BODY = YES;
				CLANG_WARN_ENUM_CONVERSION = YES;
				CLANG_WARN_INFINITE_RECURSION = YES;
				CLANG_WARN_INT_CONVERSION = YES;
				CLANG_WARN_OBJC_ROOT_CLASS = YES_ERROR;
				CLANG_WARN_SUSPICIOUS_MOVES = YES;
				CLANG_WARN_UNREACHABLE_CODE = YES;
				CLANG_WARN__DUPLICATE_METHOD_MATCH = YES;
				"CODE_SIGN_IDENTITY[sdk=iphoneos*]" = "iPhone Developer";
				COPY_PHASE_STRIP = NO;
				DEBUG_INFORMATION_FORMAT = dwarf;
				ENABLE_STRICT_OBJC_MSGSEND = YES;
				ENABLE_TESTABILITY = YES;
				GCC_C_LANGUAGE_STANDARD = gnu99;
				GCC_DYNAMIC_NO_PIC = NO;
				GCC_NO_COMMON_BLOCKS = YES;
				GCC_OPTIMIZATION_LEVEL = 0;
				GCC_PREPROCESSOR_DEFINITIONS = (
					"DEBUG=1",
					"$(inherited)",
				);
				GCC_WARN_64_TO_32_BIT_CONVERSION = YES;
				GCC_WARN_ABOUT_RETURN_TYPE = YES_ERROR;
				GCC_WARN_UNDECLARED_SELECTOR = YES;
				GCC_WARN_UNINITIALIZED_AUTOS = YES_AGGRESSIVE;
				GCC_WARN_UNUSED_FUNCTION = YES;
				GCC_WARN_UNUSED_VARIABLE = YES;
				IPHONEOS_DEPLOYMENT_TARGET = 10.1;
				MTL_ENABLE_DEBUG_INFO = YES;
				ONLY_ACTIVE_ARCH = YES;
				SDKROOT = iphoneos;
				SWIFT_ACTIVE_COMPILATION_CONDITIONS = DEBUG;
				SWIFT_OPTIMIZATION_LEVEL = "-Onone";
				TARGETED_DEVICE_FAMILY = "1,2";
			};
			name = Debug;
		};
		0CFD77871E0D3FC000443D6F /* Release */ = {
			isa = XCBuildConfiguration;
			buildSettings = {
				ALWAYS_SEARCH_USER_PATHS = NO;
				CLANG_ANALYZER_NONNULL = YES;
				CLANG_CXX_LANGUAGE_STANDARD = "gnu++0x";
				CLANG_CXX_LIBRARY = "libc++";
				CLANG_ENABLE_MODULES = YES;
				CLANG_ENABLE_OBJC_ARC = YES;
				CLANG_WARN_BOOL_CONVERSION = YES;
				CLANG_WARN_CONSTANT_CONVERSION = YES;
				CLANG_WARN_DIRECT_OBJC_ISA_USAGE = YES_ERROR;
				CLANG_WARN_DOCUMENTATION_COMMENTS = YES;
				CLANG_WARN_EMPTY_BODY = YES;
				CLANG_WARN_ENUM_CONVERSION = YES;
				CLANG_WARN_INFINITE_RECURSION = YES;
				CLANG_WARN_INT_CONVERSION = YES;
				CLANG_WARN_OBJC_ROOT_CLASS = YES_ERROR;
				CLANG_WARN_SUSPICIOUS_MOVES = YES;
				CLANG_WARN_UNREACHABLE_CODE = YES;
				CLANG_WARN__DUPLICATE_METHOD_MATCH = YES;
				"CODE_SIGN_IDENTITY[sdk=iphoneos*]" = "iPhone Developer";
				COPY_PHASE_STRIP = NO;
				DEBUG_INFORMATION_FORMAT = "dwarf-with-dsym";
				ENABLE_NS_ASSERTIONS = NO;
				ENABLE_STRICT_OBJC_MSGSEND = YES;
				GCC_C_LANGUAGE_STANDARD = gnu99;
				GCC_NO_COMMON_BLOCKS = YES;
				GCC_WARN_64_TO_32_BIT_CONVERSION = YES;
				GCC_WARN_ABOUT_RETURN_TYPE = YES_ERROR;
				GCC_WARN_UNDECLARED_SELECTOR = YES;
				GCC_WARN_UNINITIALIZED_AUTOS = YES_AGGRESSIVE;
				GCC_WARN_UNUSED_FUNCTION = YES;
				GCC_WARN_UNUSED_VARIABLE = YES;
				IPHONEOS_DEPLOYMENT_TARGET = 10.1;
				MTL_ENABLE_DEBUG_INFO = NO;
				SDKROOT = iphoneos;
				SWIFT_OPTIMIZATION_LEVEL = "-Owholemodule";
				TARGETED_DEVICE_FAMILY = "1,2";
				VALIDATE_PRODUCT = YES;
			};
			name = Release;
		};
		0CFD77891E0D3FC000443D6F /* Debug */ = {
			isa = XCBuildConfiguration;
			buildSettings = {
				ASSETCATALOG_COMPILER_APPICON_NAME = AppIcon;
				CODE_SIGN_ENTITLEMENTS = til2/til2.entitlements;
				DEVELOPMENT_TEAM = 9UQ95WYXS6;
				FRAMEWORK_SEARCH_PATHS = (
					"$(inherited)",
					"$(PROJECT_DIR)",
				);
				INFOPLIST_FILE = til2/Info.plist;
				LD_RUNPATH_SEARCH_PATHS = "$(inherited) @executable_path/Frameworks";
				PRODUCT_BUNDLE_IDENTIFIER = Shyatoria.til2;
				PRODUCT_NAME = "$(TARGET_NAME)";
				SWIFT_VERSION = 3.0;
			};
			name = Debug;
		};
		0CFD778A1E0D3FC000443D6F /* Release */ = {
			isa = XCBuildConfiguration;
			buildSettings = {
				ASSETCATALOG_COMPILER_APPICON_NAME = AppIcon;
				CODE_SIGN_ENTITLEMENTS = til2/til2.entitlements;
				DEVELOPMENT_TEAM = 9UQ95WYXS6;
				FRAMEWORK_SEARCH_PATHS = (
					"$(inherited)",
					"$(PROJECT_DIR)",
				);
				INFOPLIST_FILE = til2/Info.plist;
				LD_RUNPATH_SEARCH_PATHS = "$(inherited) @executable_path/Frameworks";
				PRODUCT_BUNDLE_IDENTIFIER = Shyatoria.til2;
				PRODUCT_NAME = "$(TARGET_NAME)";
				SWIFT_VERSION = 3.0;
			};
			name = Release;
		};
		0CFD778C1E0D3FC000443D6F /* Debug */ = {
			isa = XCBuildConfiguration;
			buildSettings = {
				ALWAYS_EMBED_SWIFT_STANDARD_LIBRARIES = YES;
				BUNDLE_LOADER = "$(TEST_HOST)";
				INFOPLIST_FILE = til2Tests/Info.plist;
				LD_RUNPATH_SEARCH_PATHS = "$(inherited) @executable_path/Frameworks @loader_path/Frameworks";
				PRODUCT_BUNDLE_IDENTIFIER = Shyatoria.til2Tests;
				PRODUCT_NAME = "$(TARGET_NAME)";
				SWIFT_VERSION = 3.0;
				TEST_HOST = "$(BUILT_PRODUCTS_DIR)/til2.app/til2";
			};
			name = Debug;
		};
		0CFD778D1E0D3FC000443D6F /* Release */ = {
			isa = XCBuildConfiguration;
			buildSettings = {
				ALWAYS_EMBED_SWIFT_STANDARD_LIBRARIES = YES;
				BUNDLE_LOADER = "$(TEST_HOST)";
				INFOPLIST_FILE = til2Tests/Info.plist;
				LD_RUNPATH_SEARCH_PATHS = "$(inherited) @executable_path/Frameworks @loader_path/Frameworks";
				PRODUCT_BUNDLE_IDENTIFIER = Shyatoria.til2Tests;
				PRODUCT_NAME = "$(TARGET_NAME)";
				SWIFT_VERSION = 3.0;
				TEST_HOST = "$(BUILT_PRODUCTS_DIR)/til2.app/til2";
			};
			name = Release;
		};
		0CFD778F1E0D3FC000443D6F /* Debug */ = {
			isa = XCBuildConfiguration;
			buildSettings = {
				ALWAYS_EMBED_SWIFT_STANDARD_LIBRARIES = YES;
				INFOPLIST_FILE = til2UITests/Info.plist;
				LD_RUNPATH_SEARCH_PATHS = "$(inherited) @executable_path/Frameworks @loader_path/Frameworks";
				PRODUCT_BUNDLE_IDENTIFIER = Shyatoria.til2UITests;
				PRODUCT_NAME = "$(TARGET_NAME)";
				SWIFT_VERSION = 3.0;
				TEST_TARGET_NAME = til2;
			};
			name = Debug;
		};
		0CFD77901E0D3FC000443D6F /* Release */ = {
			isa = XCBuildConfiguration;
			buildSettings = {
				ALWAYS_EMBED_SWIFT_STANDARD_LIBRARIES = YES;
				INFOPLIST_FILE = til2UITests/Info.plist;
				LD_RUNPATH_SEARCH_PATHS = "$(inherited) @executable_path/Frameworks @loader_path/Frameworks";
				PRODUCT_BUNDLE_IDENTIFIER = Shyatoria.til2UITests;
				PRODUCT_NAME = "$(TARGET_NAME)";
				SWIFT_VERSION = 3.0;
				TEST_TARGET_NAME = til2;
			};
			name = Release;
		};
/* End XCBuildConfiguration section */

/* Begin XCConfigurationList section */
		0CFD775B1E0D3FBF00443D6F /* Build configuration list for PBXProject "til2" */ = {
			isa = XCConfigurationList;
			buildConfigurations = (
				0CFD77861E0D3FC000443D6F /* Debug */,
				0CFD77871E0D3FC000443D6F /* Release */,
			);
			defaultConfigurationIsVisible = 0;
			defaultConfigurationName = Release;
		};
		0CFD77881E0D3FC000443D6F /* Build configuration list for PBXNativeTarget "til2" */ = {
			isa = XCConfigurationList;
			buildConfigurations = (
				0CFD77891E0D3FC000443D6F /* Debug */,
				0CFD778A1E0D3FC000443D6F /* Release */,
			);
			defaultConfigurationIsVisible = 0;
		};
		0CFD778B1E0D3FC000443D6F /* Build configuration list for PBXNativeTarget "til2Tests" */ = {
			isa = XCConfigurationList;
			buildConfigurations = (
				0CFD778C1E0D3FC000443D6F /* Debug */,
				0CFD778D1E0D3FC000443D6F /* Release */,
			);
			defaultConfigurationIsVisible = 0;
		};
		0CFD778E1E0D3FC000443D6F /* Build configuration list for PBXNativeTarget "til2UITests" */ = {
			isa = XCConfigurationList;
			buildConfigurations = (
				0CFD778F1E0D3FC000443D6F /* Debug */,
				0CFD77901E0D3FC000443D6F /* Release */,
			);
			defaultConfigurationIsVisible = 0;
		};
/* End XCConfigurationList section */
	};
	rootObject = 0CFD77581E0D3FBF00443D6F /* Project object */;
}
